
Microsoft Visual Studio Solution File, Format Version 12.00
# Visual Studio Version 16
VisualStudioVersion = 16.0.30621.155
MinimumVisualStudioVersion = 10.0.40219.1
Project("{FAE04EC0-301F-11D3-BF4B-00C04F79EFBC}") = "HotelReservationSystem", "HotelReservationSystem\HotelReservationSystem.csproj", "{50E9F43D-04EE-47CD-A862-6E2821DF572F}"
EndProject
Global
	GlobalSection(SolutionConfigurationPlatforms) = preSolution
		Debug|Any CPU = Debug|Any CPU
		Release|Any CPU = Release|Any CPU
	EndGlobalSection
	GlobalSection(ProjectConfigurationPlatforms) = postSolution
		{50E9F43D-04EE-47CD-A862-6E2821DF572F}.Debug|Any CPU.ActiveCfg = Debug|Any CPU
		{50E9F43D-04EE-47CD-A862-6E2821DF572F}.Debug|Any CPU.Build.0 = Debug|Any CPU
		{50E9F43D-04EE-47CD-A862-6E2821DF572F}.Release|Any CPU.ActiveCfg = Release|Any CPU
		{50E9F43D-04EE-47CD-A862-6E2821DF572F}.Release|Any CPU.Build.0 = Release|Any CPU
	EndGlobalSection
	GlobalSection(SolutionProperties) = preSolution
		HideSolutionNode = FALSE
	EndGlobalSection
	GlobalSection(ExtensibilityGlobals) = postSolution
		SolutionGuid = {C1FA034A-7659-4755-919E-FFF25A0276A1}
	EndGlobalSection
EndGlobal
